
Microsoft Visual Studio Solution File, Format Version 12.00
# Visual Studio Version 17
VisualStudioVersion = 17.13.35931.197 d17.13
MinimumVisualStudioVersion = 10.0.40219.1
Project("{FAE04EC0-301F-11D3-BF4B-00C04F79EFBC}") = "YTLiveChat", "YTLiveChat\YTLiveChat.csproj", "{89A7B471-AF33-B332-51D7-608733B00F96}"
EndProject
Project("{FAE04EC0-301F-11D3-BF4B-00C04F79EFBC}") = "YTLiveChat.Tests", "YTLiveChat.Tests\YTLiveChat.Tests.csproj", "{23EE33AA-B819-4AED-AA59-3ED737D1763E}"
EndProject
Global
	GlobalSection(SolutionConfigurationPlatforms) = preSolution
		Debug|Any CPU = Debug|Any CPU
		Release|Any CPU = Release|Any CPU
	EndGlobalSection
	GlobalSection(ProjectConfigurationPlatforms) = postSolution
		{89A7B471-AF33-B332-51D7-608733B00F96}.Debug|Any CPU.ActiveCfg = Debug|Any CPU
		{89A7B471-AF33-B332-51D7-608733B00F96}.Debug|Any CPU.Build.0 = Debug|Any CPU
		{89A7B471-AF33-B332-51D7-608733B00F96}.Release|Any CPU.ActiveCfg = Release|Any CPU
		{89A7B471-AF33-B332-51D7-608733B00F96}.Release|Any CPU.Build.0 = Release|Any CPU
		{23EE33AA-B819-4AED-AA59-3ED737D1763E}.Debug|Any CPU.ActiveCfg = Debug|Any CPU
		{23EE33AA-B819-4AED-AA59-3ED737D1763E}.Debug|Any CPU.Build.0 = Debug|Any CPU
		{23EE33AA-B819-4AED-AA59-3ED737D1763E}.Release|Any CPU.ActiveCfg = Release|Any CPU
		{23EE33AA-B819-4AED-AA59-3ED737D1763E}.Release|Any CPU.Build.0 = Release|Any CPU
	EndGlobalSection
	GlobalSection(SolutionProperties) = preSolution
		HideSolutionNode = FALSE
	EndGlobalSection
	GlobalSection(ExtensibilityGlobals) = postSolution
		SolutionGuid = {CFB63451-CDD3-4379-870D-B6415FEF7533}
	EndGlobalSection
EndGlobal
